{
  "version": 2,
  "dependencies": {
    "net10.0-windows7.0": {
      "IDisposableAnalyzers": {
        "type": "Direct",
        "requested": "[4.0.8, )",
        "resolved": "4.0.8",
        "contentHash": "vNi4NMG0CcJyjXxiNDcQ21FwV/whM9o9OEZKD+oP7tuxAqFEzX/x5OhC3OZJqW/w+8GOtCmJPBquYgMWgz0rfQ=="
      },
      "Meziantou.Analyzer": {
        "type": "Direct",
        "requested": "[3.0.130, )",
        "resolved": "3.0.130",
        "contentHash": "w/v3D0Au2jbi/kyCod2Aitq5iw5Ui5+riT5xoa02PobTy3gAxYkqbPLhba+f3j0ZlHqIV4Bh9C74r4S8Y6HMoA=="
      },
      "Microsoft.VisualStudio.Threading.Analyzers": {
        "type": "Direct",
        "requested": "[18.7.23, )",
        "resolved": "18.7.23",
        "contentHash": "dyj6z8m+LFjpeH69hdnciCcRCmD0YgMlvuQEywiEshjqj/blgQ+PuWX8Vd5gkWQFoBN4e+TFxx6DvGNSv/gIKg=="
      },
      "SecurityCodeScan.VS2019": {
        "type": "Direct",
        "requested": "[5.6.7, )",
        "resolved": "5.6.7",
        "contentHash": "WIE9RJswdSc2j+rLz2gW6U+gMUjMHzY2j7C/CL8/R2olXNM/+twarfMnWqm+rZodDBvaYDApJyxM8mVYf9FGrQ=="
      },
      "SonarAnalyzer.CSharp": {
        "type": "Direct",
        "requested": "[10.30.0.144632, )",
        "resolved": "10.30.0.144632",
        "contentHash": "e4n1kWNoFAuXcYR4uEGyMi4I5vKHcjAVmIw6k6y57UWJA1o6cxkeHmcE45xfCphM4k4G0Yo8yMhOT637AmofJw=="
      },
      "falkforge.compiler.msi": {
        "type": "Project",
        "dependencies": {
          "FalkForge.Core": "[0.5.0-beta.5, )",
          "FalkForge.Engine.Protocol": "[0.5.0-beta.5, )",
          "FalkForge.Extensibility": "[0.5.0-beta.5, )",
          "FalkForge.Localization": "[0.5.0-beta.5, )",
          "FalkForge.Platform": "[0.5.0-beta.5, )",
          "FalkForge.Platform.Windows": "[0.5.0-beta.5, )"
        }
      },
      "falkforge.core": {
        "type": "Project"
      },
      "falkforge.engine.protocol": {
        "type": "Project",
        "dependencies": {
          "FalkForge.Core": "[0.5.0-beta.5, )",
          "Octopus.Octodiff": "[2.0.549, )"
        }
      },
      "falkforge.extensibility": {
        "type": "Project",
        "dependencies": {
          "FalkForge.Core": "[0.5.0-beta.5, )"
        }
      },
      "falkforge.extensions.firewall": {
        "type": "Project",
        "dependencies": {
          "FalkForge.Core": "[0.5.0-beta.5, )",
          "FalkForge.Extensibility": "[0.5.0-beta.5, )"
        }
      },
      "falkforge.localization": {
        "type": "Project",
        "dependencies": {
          "FalkForge.Core": "[0.5.0-beta.5, )"
        }
      },
      "falkforge.platform": {
        "type": "Project",
        "dependencies": {
          "FalkForge.Core": "[0.5.0-beta.5, )"
        }
      },
      "falkforge.platform.windows": {
        "type": "Project",
        "dependencies": {
          "FalkForge.Platform": "[0.5.0-beta.5, )"
        }
      },
      "Octopus.Octodiff": {
        "type": "CentralTransitive",
        "requested": "[2.0.549, )",
        "resolved": "2.0.549",
        "contentHash": "GdAX4RLumfJYPmvvQmkNAeOq0Ub0p32icpSt/rTGe56xKAAuk0NuqaGk5VWcexu11I1wtocZ9dKs8qflc09VoA=="
      }
    }
  }
}