{
  "version": 2,
  "dependencies": {
    "net10.0-windows7.0": {
      "IDisposableAnalyzers": {
        "type": "Direct",
        "requested": "[4.0.8, )",
        "resolved": "4.0.8",
        "contentHash": "vNi4NMG0CcJyjXxiNDcQ21FwV/whM9o9OEZKD+oP7tuxAqFEzX/x5OhC3OZJqW/w+8GOtCmJPBquYgMWgz0rfQ=="
      },
      "Meziantou.Analyzer": {
        "type": "Direct",
        "requested": "[3.0.261, )",
        "resolved": "3.0.261",
        "contentHash": "EMfgtsjvJY2zuKu+y4Kw8d0xU+wHHvTyS6ZVxJvZmwglZobskzncl2zluUPyT5h+8SK5tKUiBENCwjC4xD9tMQ=="
      },
      "Microsoft.VisualStudio.Threading.Analyzers": {
        "type": "Direct",
        "requested": "[18.7.23, )",
        "resolved": "18.7.23",
        "contentHash": "dyj6z8m+LFjpeH69hdnciCcRCmD0YgMlvuQEywiEshjqj/blgQ+PuWX8Vd5gkWQFoBN4e+TFxx6DvGNSv/gIKg=="
      },
      "SecurityCodeScan.VS2019": {
        "type": "Direct",
        "requested": "[5.6.7, )",
        "resolved": "5.6.7",
        "contentHash": "WIE9RJswdSc2j+rLz2gW6U+gMUjMHzY2j7C/CL8/R2olXNM/+twarfMnWqm+rZodDBvaYDApJyxM8mVYf9FGrQ=="
      },
      "SonarAnalyzer.CSharp": {
        "type": "Direct",
        "requested": "[10.34.0.3385, )",
        "resolved": "10.34.0.3385",
        "contentHash": "FfjaQa9G9xdEyh14AYWeG6vLQ+2PZWkooI/w3cH5aGBGGeWmhjeWS+/luYoJDYgrXMI2ciBj42y6buhJJHO2ow=="
      },
      "WpfAnalyzers": {
        "type": "Direct",
        "requested": "[4.1.1, )",
        "resolved": "4.1.1",
        "contentHash": "4+oLAk4gB4Wqn0ozKstB6fY9BafSU6c6GEgWjgOThyzHFBVqxihkS/1OmvEaYJnhjNUA/GOcZ6m2B7Xr2EePNw=="
      },
      "falkforge.compiler.bundle": {
        "type": "Project",
        "dependencies": {
          "FalkForge.Core": "[0.5.0-beta.8, )",
          "FalkForge.Engine.Protocol": "[0.5.0-beta.8, )",
          "FalkForge.Platform": "[0.5.0-beta.8, )",
          "Octopus.Octodiff": "[2.0.549, )"
        }
      },
      "falkforge.compiler.msi": {
        "type": "Project",
        "dependencies": {
          "FalkForge.Core": "[0.5.0-beta.8, )",
          "FalkForge.Engine.Protocol": "[0.5.0-beta.8, )",
          "FalkForge.Extensibility": "[0.5.0-beta.8, )",
          "FalkForge.Localization": "[0.5.0-beta.8, )",
          "FalkForge.Platform": "[0.5.0-beta.8, )",
          "FalkForge.Platform.Windows": "[0.5.0-beta.8, )"
        }
      },
      "falkforge.compiler.msix": {
        "type": "Project",
        "dependencies": {
          "FalkForge.Core": "[0.5.0-beta.8, )"
        }
      },
      "falkforge.core": {
        "type": "Project"
      },
      "falkforge.decompiler": {
        "type": "Project",
        "dependencies": {
          "FalkForge.Compiler.Bundle": "[0.5.0-beta.8, )",
          "FalkForge.Compiler.Msi": "[0.5.0-beta.8, )",
          "FalkForge.Core": "[0.5.0-beta.8, )",
          "FalkForge.Extensibility": "[0.5.0-beta.8, )"
        }
      },
      "falkforge.engine.protocol": {
        "type": "Project",
        "dependencies": {
          "FalkForge.Core": "[0.5.0-beta.8, )",
          "Octopus.Octodiff": "[2.0.549, )"
        }
      },
      "falkforge.extensibility": {
        "type": "Project",
        "dependencies": {
          "FalkForge.Core": "[0.5.0-beta.8, )"
        }
      },
      "falkforge.extensions.firewall": {
        "type": "Project",
        "dependencies": {
          "FalkForge.Core": "[0.5.0-beta.8, )",
          "FalkForge.Extensibility": "[0.5.0-beta.8, )"
        }
      },
      "falkforge.extensions.sql": {
        "type": "Project",
        "dependencies": {
          "FalkForge.Core": "[0.5.0-beta.8, )",
          "FalkForge.Extensibility": "[0.5.0-beta.8, )"
        }
      },
      "falkforge.extensions.util": {
        "type": "Project",
        "dependencies": {
          "FalkForge.Core": "[0.5.0-beta.8, )",
          "FalkForge.Extensibility": "[0.5.0-beta.8, )"
        }
      },
      "falkforge.localization": {
        "type": "Project",
        "dependencies": {
          "FalkForge.Core": "[0.5.0-beta.8, )"
        }
      },
      "falkforge.platform": {
        "type": "Project",
        "dependencies": {
          "FalkForge.Core": "[0.5.0-beta.8, )"
        }
      },
      "falkforge.platform.windows": {
        "type": "Project",
        "dependencies": {
          "FalkForge.Platform": "[0.5.0-beta.8, )"
        }
      },
      "Octopus.Octodiff": {
        "type": "CentralTransitive",
        "requested": "[2.0.549, )",
        "resolved": "2.0.549",
        "contentHash": "GdAX4RLumfJYPmvvQmkNAeOq0Ub0p32icpSt/rTGe56xKAAuk0NuqaGk5VWcexu11I1wtocZ9dKs8qflc09VoA=="
      }
    }
  }
}