{
  "version": 2,
  "dependencies": {
    "net10.0": {
      "IDisposableAnalyzers": {
        "type": "Direct",
        "requested": "[4.0.8, )",
        "resolved": "4.0.8",
        "contentHash": "vNi4NMG0CcJyjXxiNDcQ21FwV/whM9o9OEZKD+oP7tuxAqFEzX/x5OhC3OZJqW/w+8GOtCmJPBquYgMWgz0rfQ=="
      },
      "Meziantou.Analyzer": {
        "type": "Direct",
        "requested": "[3.0.43, )",
        "resolved": "3.0.43",
        "contentHash": "T7THuFRNsvDz4VM/fUvBPfAMWZrsdBosLeghRDp7DD7joMz+3IFJB0y8HQTm3XfpD569ftO4XBH2NKDaBKp0NA=="
      },
      "Microsoft.VisualStudio.Threading.Analyzers": {
        "type": "Direct",
        "requested": "[17.14.15, )",
        "resolved": "17.14.15",
        "contentHash": "mXQPJsbuUD2ydq4/ffd8h8tSOFCXec+2xJOVNCvXjuMOq/+5EKHq3D2m2MC2+nUaXeFMSt66VS/J4HdKBixgcw=="
      },
      "SecurityCodeScan.VS2019": {
        "type": "Direct",
        "requested": "[5.6.7, )",
        "resolved": "5.6.7",
        "contentHash": "WIE9RJswdSc2j+rLz2gW6U+gMUjMHzY2j7C/CL8/R2olXNM/+twarfMnWqm+rZodDBvaYDApJyxM8mVYf9FGrQ=="
      },
      "SonarAnalyzer.CSharp": {
        "type": "Direct",
        "requested": "[10.7.0.110445, )",
        "resolved": "10.7.0.110445",
        "contentHash": "U4v2LWopxADYkUv7Z5CX7ifKMdDVqHb7a1bzppIQnQi4WQR6z1Zi5rDkCHlVYGEd1U/WMz1IJCU8OmFZLJpVig=="
      },
      "falkforge.core": {
        "type": "Project"
      }
    }
  }
}