{
  "version": 2,
  "dependencies": {
    "net10.0-windows7.0": {
      "IDisposableAnalyzers": {
        "type": "Direct",
        "requested": "[4.0.8, )",
        "resolved": "4.0.8",
        "contentHash": "vNi4NMG0CcJyjXxiNDcQ21FwV/whM9o9OEZKD+oP7tuxAqFEzX/x5OhC3OZJqW/w+8GOtCmJPBquYgMWgz0rfQ=="
      },
      "Meziantou.Analyzer": {
        "type": "Direct",
        "requested": "[3.0.102, )",
        "resolved": "3.0.102",
        "contentHash": "WhGaJ3QsULOtDUXqZIDMZqTnZ68wvl6UMvPjkdxcZVIe/n3sfJyd2rDRVO3Ea7KitP0xUn3M85L/t7+JGkt63w=="
      },
      "Microsoft.DotNet.ILCompiler": {
        "type": "Direct",
        "requested": "[10.0.9, )",
        "resolved": "10.0.9",
        "contentHash": "4y+VsQOcs4EiTSINdCpCWi/aLRbIbGTxSezQXd8uGVhzbDRm1FNVTZDyCUQixE0+g9UFusvfxVcF68YYz7RzxA=="
      },
      "Microsoft.NET.ILLink.Tasks": {
        "type": "Direct",
        "requested": "[10.0.9, )",
        "resolved": "10.0.9",
        "contentHash": "4Iw41e2h7I4t70SJcX2GCmbyKJIlA273Cfm9RJMM050/3VBejGAG1KcthP5Z2L6SQcbfbf6BhNWO26+ZG+GzMg=="
      },
      "Microsoft.VisualStudio.Threading.Analyzers": {
        "type": "Direct",
        "requested": "[17.14.15, )",
        "resolved": "17.14.15",
        "contentHash": "mXQPJsbuUD2ydq4/ffd8h8tSOFCXec+2xJOVNCvXjuMOq/+5EKHq3D2m2MC2+nUaXeFMSt66VS/J4HdKBixgcw=="
      },
      "SecurityCodeScan.VS2019": {
        "type": "Direct",
        "requested": "[5.6.7, )",
        "resolved": "5.6.7",
        "contentHash": "WIE9RJswdSc2j+rLz2gW6U+gMUjMHzY2j7C/CL8/R2olXNM/+twarfMnWqm+rZodDBvaYDApJyxM8mVYf9FGrQ=="
      },
      "SonarAnalyzer.CSharp": {
        "type": "Direct",
        "requested": "[10.27.0.140913, )",
        "resolved": "10.27.0.140913",
        "contentHash": "cxk12QjN9io1SjN36B1QO+9dRf+ek2CGfQGsOWtHBojE35cKchKJod48raxZwe47jHhzmAUO4AJSh7+hF0GS4g=="
      },
      "falkforge.core": {
        "type": "Project"
      },
      "falkforge.engine.protocol": {
        "type": "Project",
        "dependencies": {
          "FalkForge.Core": "[1.0.0, )"
        }
      },
      "falkforge.platform": {
        "type": "Project",
        "dependencies": {
          "FalkForge.Core": "[1.0.0, )"
        }
      },
      "falkforge.platform.windows": {
        "type": "Project",
        "dependencies": {
          "FalkForge.Platform": "[1.0.0, )"
        }
      }
    },
    "net10.0-windows7.0/win-x64": {
      "Microsoft.DotNet.ILCompiler": {
        "type": "Direct",
        "requested": "[10.0.9, )",
        "resolved": "10.0.9",
        "contentHash": "4y+VsQOcs4EiTSINdCpCWi/aLRbIbGTxSezQXd8uGVhzbDRm1FNVTZDyCUQixE0+g9UFusvfxVcF68YYz7RzxA==",
        "dependencies": {
          "runtime.win-x64.Microsoft.DotNet.ILCompiler": "10.0.9"
        }
      },
      "runtime.win-x64.Microsoft.DotNet.ILCompiler": {
        "type": "Transitive",
        "resolved": "10.0.9",
        "contentHash": "UEY5D3CvpctP5tcewYlnFS8JNReAEFTfAs//ZN733Oq9BXbTSZBCmBWnCs8JKgduHHa3u4oJ9ehfrZzV1xOFNA=="
      }
    }
  }
}