{
  "version": 2,
  "dependencies": {
    "net10.0-windows7.0": {
      "IDisposableAnalyzers": {
        "type": "Direct",
        "requested": "[4.0.8, )",
        "resolved": "4.0.8",
        "contentHash": "vNi4NMG0CcJyjXxiNDcQ21FwV/whM9o9OEZKD+oP7tuxAqFEzX/x5OhC3OZJqW/w+8GOtCmJPBquYgMWgz0rfQ=="
      },
      "Meziantou.Analyzer": {
        "type": "Direct",
        "requested": "[3.0.261, )",
        "resolved": "3.0.261",
        "contentHash": "EMfgtsjvJY2zuKu+y4Kw8d0xU+wHHvTyS6ZVxJvZmwglZobskzncl2zluUPyT5h+8SK5tKUiBENCwjC4xD9tMQ=="
      },
      "Microsoft.VisualStudio.Threading.Analyzers": {
        "type": "Direct",
        "requested": "[18.7.23, )",
        "resolved": "18.7.23",
        "contentHash": "dyj6z8m+LFjpeH69hdnciCcRCmD0YgMlvuQEywiEshjqj/blgQ+PuWX8Vd5gkWQFoBN4e+TFxx6DvGNSv/gIKg=="
      },
      "SecurityCodeScan.VS2019": {
        "type": "Direct",
        "requested": "[5.6.7, )",
        "resolved": "5.6.7",
        "contentHash": "WIE9RJswdSc2j+rLz2gW6U+gMUjMHzY2j7C/CL8/R2olXNM/+twarfMnWqm+rZodDBvaYDApJyxM8mVYf9FGrQ=="
      },
      "WpfAnalyzers": {
        "type": "Direct",
        "requested": "[4.1.1, )",
        "resolved": "4.1.1",
        "contentHash": "4+oLAk4gB4Wqn0ozKstB6fY9BafSU6c6GEgWjgOThyzHFBVqxihkS/1OmvEaYJnhjNUA/GOcZ6m2B7Xr2EePNw=="
      },
      "Microsoft.Bcl.TimeProvider": {
        "type": "Transitive",
        "resolved": "10.0.11",
        "contentHash": "jSymjAVYlpehEqPGbFZ8ELexSJhVVNTQQp9V2lrBWQR1LHVOBJv0nntsLORASXgFwCZ+x5v8oBrt8/IdQxQI6w=="
      },
      "ReactiveUI": {
        "type": "Transitive",
        "resolved": "24.2.0",
        "contentHash": "V+5LXCIDrrEJS9BvmbpqlhmvF0F4F+ojF//P2h55Py1GVclx+fGonI6W40KgUsvkF7kbE/zxH9wQdVulmdthEg==",
        "dependencies": {
          "ReactiveUI.Core": "24.2.0",
          "ReactiveUI.Disposables": "7.3.0",
          "ReactiveUI.Primitives": "7.3.0",
          "ReactiveUI.Primitives.Core": "7.3.0",
          "Splat": "21.0.0"
        }
      },
      "ReactiveUI.Core": {
        "type": "Transitive",
        "resolved": "24.2.0",
        "contentHash": "1G2eUqAMNzES+a9QwJ4GgsGE0imvO69kRHlfWhv7N7IEidsTSYOrLvcHCnzW7x7hVCLfX95OuuiKAUz7qBvdCw==",
        "dependencies": {
          "ReactiveUI.Disposables": "7.3.0",
          "ReactiveUI.Primitives": "7.3.0",
          "ReactiveUI.Primitives.Core": "7.3.0",
          "Splat": "21.0.0"
        }
      },
      "ReactiveUI.Disposables": {
        "type": "Transitive",
        "resolved": "7.3.0",
        "contentHash": "us0aF4pzNmHkUq3wklvd+aD7MKR2bRiAZuVQ+sZfAn6xj4Fj6KaDly9+7f6Bn44F8cvUWAcC5eDH0JvNeIzJwg=="
      },
      "ReactiveUI.Primitives": {
        "type": "Transitive",
        "resolved": "7.3.0",
        "contentHash": "WA74/8G0FuJAfv9kzXlyiT/15J9PpFQQgQzOdWVEKBCO17NwCrDDrCsTMUCT1vU8QEH7vyq6wNK8RdHVM+Toyg==",
        "dependencies": {
          "ReactiveUI.Disposables": "7.3.0",
          "ReactiveUI.Primitives.Core": "7.3.0"
        }
      },
      "ReactiveUI.Primitives.Core": {
        "type": "Transitive",
        "resolved": "7.3.0",
        "contentHash": "+uIARgwicX5Fk1yeRjGZKAeG9JCl8Id1pwocD2WyB273kF2rZOxVWoapBBHbh2+ml0si2ukfXb0AMPLIJ1gf8g==",
        "dependencies": {
          "ReactiveUI.Disposables": "7.3.0"
        }
      },
      "ReactiveUI.Primitives.Wpf": {
        "type": "Transitive",
        "resolved": "7.3.0",
        "contentHash": "yX4T7XKbwYvUE2VLA6mgR8tHhC/tHSaNAEsHkQIeo2KdpoVo/vh5tmPNmVbJFcwJBHG27JIpzLDd48YNFTy/qA==",
        "dependencies": {
          "ReactiveUI.Primitives": "7.3.0"
        }
      },
      "Splat": {
        "type": "Transitive",
        "resolved": "21.0.0",
        "contentHash": "famvWFOGoZZ707Rf9EK6kpt+sqhRnky5n0F0X9at/QzWja8KUwEh6pDG/oM3nleyEIUwK1gi9Nw72fDHAsm+og==",
        "dependencies": {
          "ReactiveUI.Disposables": "7.1.0",
          "Splat.Builder": "21.0.0",
          "Splat.Logging": "21.0.0"
        }
      },
      "Splat.Builder": {
        "type": "Transitive",
        "resolved": "21.0.0",
        "contentHash": "uUa2VtGjlz/fZrZkbor9uSysP68ZMpA17DbBrIxsbfaRUp6AOdkC5kcxmppx5uuCcG1mQ/wxvqIoYAN4RGrdCw==",
        "dependencies": {
          "ReactiveUI.Disposables": "7.1.0",
          "Splat.Core": "21.0.0"
        }
      },
      "Splat.Core": {
        "type": "Transitive",
        "resolved": "21.0.0",
        "contentHash": "MGsKsMti+M+y1Bq4t8TA/AMp47XGd8/fBhfEZ+EmxgaWLIzRZ2EGXRKEewLx8jKf2RKTqfjcX6hRhG58cU8EFg==",
        "dependencies": {
          "ReactiveUI.Disposables": "7.1.0"
        }
      },
      "Splat.Logging": {
        "type": "Transitive",
        "resolved": "21.0.0",
        "contentHash": "jNnsXXcbksP2rsOMeIFDzm0jputFm11S/1eQxq9U9+dQ7ES4zECl/q7EytG+Z1iogClr4LRDefMlnKiIi7CEsQ==",
        "dependencies": {
          "ReactiveUI.Disposables": "7.1.0",
          "Splat.Core": "21.0.0"
        }
      },
      "System.ComponentModel.Annotations": {
        "type": "Transitive",
        "resolved": "5.0.0",
        "contentHash": "dMkqfy2el8A8/I76n2Hi1oBFEbG1SfxD2l5nhwXV3XjlnOmwxJlQbYpJH4W51odnU9sARCSAgv7S3CyAFMkpYg=="
      },
      "System.ValueTuple": {
        "type": "Transitive",
        "resolved": "4.6.2",
        "contentHash": "yQgmjfFximrNm9LIV3mL6T5MzjeC+epeE5rl4hXxAlYmxby7RM1dPSkIKXk9HNkl6G54h2JHOmLD46+Pey+IRg=="
      },
      "falkforge.core": {
        "type": "Project"
      },
      "falkforge.engine.protocol": {
        "type": "Project",
        "dependencies": {
          "FalkForge.Core": "[0.5.0-beta.9, )",
          "Octopus.Octodiff": "[2.0.549, )"
        }
      },
      "falkforge.localization": {
        "type": "Project",
        "dependencies": {
          "FalkForge.Core": "[0.5.0-beta.9, )"
        }
      },
      "falkforge.ui": {
        "type": "Project",
        "dependencies": {
          "FalkForge.Engine.Protocol": "[0.5.0-beta.9, )",
          "FalkForge.Localization": "[0.5.0-beta.9, )",
          "FalkForge.Ui.Abstractions": "[0.5.0-beta.9, )",
          "ReactiveUI.WPF": "[24.2.0, )",
          "System.Reactive": "[7.0.0, )"
        }
      },
      "falkforge.ui.abstractions": {
        "type": "Project",
        "dependencies": {
          "FalkForge.Engine.Protocol": "[0.5.0-beta.9, )"
        }
      },
      "Octopus.Octodiff": {
        "type": "CentralTransitive",
        "requested": "[2.0.549, )",
        "resolved": "2.0.549",
        "contentHash": "GdAX4RLumfJYPmvvQmkNAeOq0Ub0p32icpSt/rTGe56xKAAuk0NuqaGk5VWcexu11I1wtocZ9dKs8qflc09VoA=="
      },
      "ReactiveUI.WPF": {
        "type": "CentralTransitive",
        "requested": "[24.2.0, )",
        "resolved": "24.2.0",
        "contentHash": "tmSGrCXfvINhpADWuDqjcqj8zLr5WmGuPKPhg2CY/yfSG2rZhA1RPWUhYh6SuvOvG7ky1hzWB9GWsR48fZhB3g==",
        "dependencies": {
          "Microsoft.Bcl.TimeProvider": "10.0.11",
          "ReactiveUI": "24.2.0",
          "ReactiveUI.Disposables": "7.3.0",
          "ReactiveUI.Primitives": "7.3.0",
          "ReactiveUI.Primitives.Core": "7.3.0",
          "ReactiveUI.Primitives.Wpf": "7.3.0",
          "Splat": "21.0.0",
          "System.ComponentModel.Annotations": "5.0.0",
          "System.ValueTuple": "4.6.2"
        }
      },
      "System.Reactive": {
        "type": "CentralTransitive",
        "requested": "[7.0.0, )",
        "resolved": "7.0.0",
        "contentHash": "VYaSP2Kt+45GFnr3q7c/b4awT48VvueOJV4jPjdUXi5MxC9mSUy+HkJYtm8rGZ6fC3tNHG9gBu/YwNAR/FYqhg=="
      }
    }
  }
}